
Microsoft Visual Studio Solution File, Format Version 12.00
# Visual Studio Version 17
VisualStudioVersion = 17.0.31903.59
MinimumVisualStudioVersion = 10.0.40219.1
Project("{FAE04EC0-301F-11D3-BF4B-00C04F79EFBC}") = "QLTB", "QLTB\QLTB.csproj", "{454D5B4A-7F75-409C-8B2B-7E54D9B4565A}"
EndProject
Global
	GlobalSection(SolutionConfigurationPlatforms) = preSolution
		Debug|Any CPU = Debug|Any CPU
		Release|Any CPU = Release|Any CPU
	EndGlobalSection
	GlobalSection(ProjectConfigurationPlatforms) = postSolution
		{454D5B4A-7F75-409C-8B2B-7E54D9B4565A}.Debug|Any CPU.ActiveCfg = Debug|Any CPU
		{454D5B4A-7F75-409C-8B2B-7E54D9B4565A}.Debug|Any CPU.Build.0 = Debug|Any CPU
		{454D5B4A-7F75-409C-8B2B-7E54D9B4565A}.Release|Any CPU.ActiveCfg = Release|Any CPU
		{454D5B4A-7F75-409C-8B2B-7E54D9B4565A}.Release|Any CPU.Build.0 = Release|Any CPU
	EndGlobalSection
	GlobalSection(SolutionProperties) = preSolution
		HideSolutionNode = FALSE
	EndGlobalSection
	GlobalSection(ExtensibilityGlobals) = postSolution
		SolutionGuid = {46048544-1A3C-4594-A541-AB2B95570340}
	EndGlobalSection
EndGlobal
